# This file was autogenerated by uv via the following command:
#    uv pip compile pyproject.toml -o uv.lock --extra dev
aiofiles==24.1.0
    # via aiogram
aiogram==3.20.0.post0
    # via teamtalk-telegram-sender (pyproject.toml)
aiohappyeyeballs==2.6.1
    # via aiohttp
aiohttp==3.11.18
    # via aiogram
aiosignal==1.3.2
    # via aiohttp
aiosqlite==0.21.0
    # via teamtalk-telegram-sender (pyproject.toml)
alembic==1.16.2
    # via teamtalk-telegram-sender (pyproject.toml)
annotated-types==0.7.0
    # via pydantic
attrs==25.3.0
    # via aiohttp
babel==2.17.0
    # via teamtalk-telegram-sender (pyproject.toml)
beautifulsoup4==4.13.4
    # via py-talk-ex
cachetools==6.1.0
    # via teamtalk-telegram-sender (pyproject.toml)
certifi==2025.6.15
    # via
    #   aiogram
    #   requests
charset-normalizer==3.4.2
    # via requests
coverage==7.9.2
    # via pytest-cov
frozenlist==1.7.0
    # via
    #   aiohttp
    #   aiosignal
greenlet==3.2.3
    # via sqlalchemy
idna==3.10
    # via
    #   requests
    #   yarl
iniconfig==2.1.0
    # via pytest
magic-filter==1.0.12
    # via aiogram
mako==1.3.10
    # via alembic
markupsafe==3.0.2
    # via mako
multidict==6.6.3
    # via
    #   aiohttp
    #   yarl
mypy==1.16.1
    # via teamtalk-telegram-sender (pyproject.toml)
mypy-extensions==1.1.0
    # via mypy
packaging==25.0
    # via pytest
pathspec==0.12.1
    # via mypy
patool==4.0.1
    # via py-talk-ex
pluggy==1.6.0
    # via
    #   pytest
    #   pytest-cov
propcache==0.3.2
    # via
    #   aiohttp
    #   yarl
py-talk-ex==1.6.0
    # via teamtalk-telegram-sender (pyproject.toml)
pydantic==2.11.7
    # via
    #   teamtalk-telegram-sender (pyproject.toml)
    #   aiogram
    #   pydantic-settings
    #   sqlmodel
pydantic-core==2.33.2
    # via pydantic
pydantic-settings==2.10.1
    # via teamtalk-telegram-sender (pyproject.toml)
pygments==2.19.2
    # via pytest
pytest==8.4.1
    # via
    #   teamtalk-telegram-sender (pyproject.toml)
    #   pytest-asyncio
    #   pytest-cov
pytest-asyncio==1.0.0
    # via teamtalk-telegram-sender (pyproject.toml)
pytest-cov==6.2.1
    # via teamtalk-telegram-sender (pyproject.toml)
python-dotenv==1.1.1
    # via
    #   teamtalk-telegram-sender (pyproject.toml)
    #   pydantic-settings
requests==2.32.4
    # via py-talk-ex
ruff==0.12.1
    # via teamtalk-telegram-sender (pyproject.toml)
soupsieve==2.7
    # via beautifulsoup4
sqlalchemy==2.0.41
    # via
    #   teamtalk-telegram-sender (pyproject.toml)
    #   alembic
    #   sqlmodel
sqlmodel==0.0.24
    # via teamtalk-telegram-sender (pyproject.toml)
typing-extensions==4.14.0
    # via
    #   aiogram
    #   aiosqlite
    #   alembic
    #   beautifulsoup4
    #   mypy
    #   py-talk-ex
    #   pydantic
    #   pydantic-core
    #   sqlalchemy
    #   typing-inspection
typing-inspection==0.4.1
    # via
    #   pydantic
    #   pydantic-settings
urllib3==2.5.0
    # via requests
uvloop==0.21.0
    # via teamtalk-telegram-sender (pyproject.toml)
yarl==1.20.1
    # via aiohttp
